<?xml version="1.0" encoding="utf-8"?>
<Project ToolsVersion="4.0" xmlns="http://schemas.microsoft.com/developer/msbuild/2003">
  <ItemGroup>
    <Filter Include="Source Files">
      <UniqueIdentifier>{4FC737F1-C7A5-4376-A066-2A32D752A2FF}</UniqueIdentifier>
      <Extensions>cpp;c;cc;cxx;c++;cppm;ixx;def;odl;idl;hpj;bat;asm;asmx</Extensions>
    </Filter>
    <Filter Include="Header Files">
      <UniqueIdentifier>{93995380-89BD-4b04-88EB-625FBE52EBFB}</UniqueIdentifier>
      <Extensions>h;hh;hpp;hxx;h++;hm;inl;inc;ipp;xsd</Extensions>
    </Filter>
    <Filter Include="Resource Files">
      <UniqueIdentifier>{67DA6AB6-F800-4c08-8B7A-83BB121AAD01}</UniqueIdentifier>
      <Extensions>rc;ico;cur;bmp;dlg;rc2;rct;bin;rgs;gif;jpg;jpeg;jpe;resx;tiff;tif;png;wav;mfcribbon-ms</Extensions>
    </Filter>
  </ItemGroup>
  <ItemGroup>
    <ClCompile Include="Private\ThirdParty\spirv_reflect.c">
      <Filter>Source Files</Filter>
    </ClCompile>
    <ClCompile Include="nsEngine.Runtime.cpp">
      <Filter>Source Files</Filter>
    </ClCompile>
    <ClCompile Include="Private\nsAnimationManager.cpp">
      <Filter>Source Files</Filter>
    </ClCompile>
    <ClCompile Include="Private\nsAssetImporter.cpp">
      <Filter>Source Files</Filter>
    </ClCompile>
    <ClCompile Include="Private\nsAssetManager.cpp">
      <Filter>Source Files</Filter>
    </ClCompile>
    <ClCompile Include="Private\nsConsole.cpp">
      <Filter>Source Files</Filter>
    </ClCompile>
    <ClCompile Include="Private\nsEngine.cpp">
      <Filter>Source Files</Filter>
    </ClCompile>
    <ClCompile Include="Private\nsFont.cpp">
      <Filter>Source Files</Filter>
    </ClCompile>
    <ClCompile Include="Private\nsGameApplication.cpp">
      <Filter>Source Files</Filter>
    </ClCompile>
    <ClCompile Include="Private\nsGeometryFactory.cpp">
      <Filter>Source Files</Filter>
    </ClCompile>
    <ClCompile Include="Private\nsGUICore.cpp">
      <Filter>Source Files</Filter>
    </ClCompile>
    <ClCompile Include="Private\nsGUIFramework.cpp">
      <Filter>Source Files</Filter>
    </ClCompile>
    <ClCompile Include="Private\nsMaterial.cpp">
      <Filter>Source Files</Filter>
    </ClCompile>
    <ClCompile Include="Private\nsMesh.cpp">
      <Filter>Source Files</Filter>
    </ClCompile>
    <ClCompile Include="Private\nsRenderContextWorld.cpp">
      <Filter>Source Files</Filter>
    </ClCompile>
    <ClCompile Include="Private\nsRenderer.cpp">
      <Filter>Source Files</Filter>
    </ClCompile>
    <ClCompile Include="Private\nsRenderManager.cpp">
      <Filter>Source Files</Filter>
    </ClCompile>
    <ClCompile Include="Private\nsShaderManager.cpp">
      <Filter>Source Files</Filter>
    </ClCompile>
    <ClCompile Include="Private\nsTextureManager.cpp">
      <Filter>Source Files</Filter>
    </ClCompile>
    <ClCompile Include="Private\nsViewport.cpp">
      <Filter>Source Files</Filter>
    </ClCompile>
    <ClCompile Include="Private\nsAssetTypes.cpp">
      <Filter>Source Files</Filter>
    </ClCompile>
    <ClCompile Include="Private\nsPhysicsManager.cpp">
      <Filter>Source Files</Filter>
    </ClCompile>
    <ClCompile Include="Private\nsRenderPrimitiveBatch.cpp">
      <Filter>Source Files</Filter>
    </ClCompile>
    <ClCompile Include="Private\nsNavigationManager.cpp">
      <Filter>Source Files</Filter>
    </ClCompile>
    <ClCompile Include="Private\ThirdParty\RecastNavigation\DebugUtils\Build_DebugUtils.cpp">
      <Filter>Source Files</Filter>
    </ClCompile>
    <ClCompile Include="Private\ThirdParty\RecastNavigation\Detour\Build_Detour.cpp">
      <Filter>Source Files</Filter>
    </ClCompile>
    <ClCompile Include="Private\ThirdParty\RecastNavigation\DetourCrowd\Build_DetourCrowd.cpp">
      <Filter>Source Files</Filter>
    </ClCompile>
    <ClCompile Include="Private\ThirdParty\RecastNavigation\DetourTileCache\Build_DetourTileCache.cpp">
      <Filter>Source Files</Filter>
    </ClCompile>
    <ClCompile Include="Private\ThirdParty\RecastNavigation\Recast\Build_Recast.cpp">
      <Filter>Source Files</Filter>
    </ClCompile>
    <ClCompile Include="nsEngine.Editor.cpp">
      <Filter>Source Files</Filter>
    </ClCompile>
  </ItemGroup>
  <ItemGroup>
    <ClInclude Include="Public\nsEngineTypes.h">
      <Filter>Header Files</Filter>
    </ClInclude>
    <ClInclude Include="Public\nsEngine.h">
      <Filter>Header Files</Filter>
    </ClInclude>
    <ClInclude Include="Public\nsGameApplication.h">
      <Filter>Header Files</Filter>
    </ClInclude>
    <ClInclude Include="Public\nsActor.h">
      <Filter>Header Files</Filter>
    </ClInclude>
    <ClInclude Include="Public\nsWorld.h">
      <Filter>Header Files</Filter>
    </ClInclude>
    <ClInclude Include="Public\nsLevel.h">
      <Filter>Header Files</Filter>
    </ClInclude>
    <ClInclude Include="Public\nsAssetManager.h">
      <Filter>Header Files</Filter>
    </ClInclude>
    <ClInclude Include="Public\nsMesh.h">
      <Filter>Header Files</Filter>
    </ClInclude>
    <ClInclude Include="Public\nsTextureManager.h">
      <Filter>Header Files</Filter>
    </ClInclude>
    <ClInclude Include="Public\nsVulkan.h">
      <Filter>Header Files</Filter>
    </ClInclude>
    <ClInclude Include="Private\ThirdParty\spirv.h">
      <Filter>Header Files</Filter>
    </ClInclude>
    <ClInclude Include="Private\ThirdParty\spirv_reflect.h">
      <Filter>Header Files</Filter>
    </ClInclude>
    <ClInclude Include="Private\ThirdParty\stb_image.h">
      <Filter>Header Files</Filter>
    </ClInclude>
    <ClInclude Include="Private\ThirdParty\stb_rect_pack.h">
      <Filter>Header Files</Filter>
    </ClInclude>
    <ClInclude Include="Private\ThirdParty\stb_truetype.h">
      <Filter>Header Files</Filter>
    </ClInclude>
    <ClInclude Include="Public\nsRenderManager.h">
      <Filter>Header Files</Filter>
    </ClInclude>
    <ClInclude Include="Public\nsRenderer.h">
      <Filter>Header Files</Filter>
    </ClInclude>
    <ClInclude Include="Public\nsMaterial.h">
      <Filter>Header Files</Filter>
    </ClInclude>
    <ClInclude Include="Public\nsShaderManager.h">
      <Filter>Header Files</Filter>
    </ClInclude>
    <ClInclude Include="Public\nsFont.h">
      <Filter>Header Files</Filter>
    </ClInclude>
    <ClInclude Include="Public\nsGUICore.h">
      <Filter>Header Files</Filter>
    </ClInclude>
    <ClInclude Include="Public\nsConsole.h">
      <Filter>Header Files</Filter>
    </ClInclude>
    <ClInclude Include="Public\nsGUIFramework.h">
      <Filter>Header Files</Filter>
    </ClInclude>
    <ClInclude Include="Public\nsActorComponents.h">
      <Filter>Header Files</Filter>
    </ClInclude>
    <ClInclude Include="Public\nsGeometryFactory.h">
      <Filter>Header Files</Filter>
    </ClInclude>
    <ClInclude Include="Public\nsViewport.h">
      <Filter>Header Files</Filter>
    </ClInclude>
    <ClInclude Include="Public\nsAssetImporter.h">
      <Filter>Header Files</Filter>
    </ClInclude>
    <ClInclude Include="Public\nsAnimationManager.h">
      <Filter>Header Files</Filter>
    </ClInclude>
    <ClInclude Include="Public\nsRenderContextWorld.h">
      <Filter>Header Files</Filter>
    </ClInclude>
    <ClInclude Include="Public\nsAssetTypes.h">
      <Filter>Header Files</Filter>
    </ClInclude>
    <ClInclude Include="Private\ThirdParty\json.hpp">
      <Filter>Header Files</Filter>
    </ClInclude>
    <ClInclude Include="Public\nsPhysicsManager.h">
      <Filter>Header Files</Filter>
    </ClInclude>
    <ClInclude Include="Private\nsPhysics_PhysX.h">
      <Filter>Header Files</Filter>
    </ClInclude>
    <ClInclude Include="Public\nsRenderComponents.h">
      <Filter>Header Files</Filter>
    </ClInclude>
    <ClInclude Include="Public\nsPhysicsComponents.h">
      <Filter>Header Files</Filter>
    </ClInclude>
    <ClInclude Include="Public\nsRenderPrimitiveBatch.h">
      <Filter>Header Files</Filter>
    </ClInclude>
    <ClInclude Include="Public\nsNavigationManager.h">
      <Filter>Header Files</Filter>
    </ClInclude>
    <ClInclude Include="Public\Editor\nsEditorNavigationBuilder.h">
      <Filter>Header Files</Filter>
    </ClInclude>
    <ClInclude Include="Public\nsNavigationTypes.h">
      <Filter>Header Files</Filter>
    </ClInclude>
    <ClInclude Include="Public\nsPhysicsTypes.h">
      <Filter>Header Files</Filter>
    </ClInclude>
    <ClInclude Include="Public\nsAnimationTypes.h">
      <Filter>Header Files</Filter>
    </ClInclude>
    <ClInclude Include="Public\nsTextureTypes.h">
      <Filter>Header Files</Filter>
    </ClInclude>
    <ClInclude Include="Public\Editor\nsEditorActorInspector.h">
      <Filter>Header Files</Filter>
    </ClInclude>
    <ClInclude Include="Public\Editor\nsEditorTransformGizmo.h">
      <Filter>Header Files</Filter>
    </ClInclude>
    <ClInclude Include="Public\Editor\nsEditorWorldOutliner.h">
      <Filter>Header Files</Filter>
    </ClInclude>
    <ClInclude Include="Public\Editor\nsEditorAssetExplorer.h">
      <Filter>Header Files</Filter>
    </ClInclude>
    <ClInclude Include="Public\nsNavigationComponents.h">
      <Filter>Header Files</Filter>
    </ClInclude>
    <ClInclude Include="Public\nsAnimationComponents.h">
      <Filter>Header Files</Filter>
    </ClInclude>
  </ItemGroup>
</Project>